
Microsoft Visual Studio Solution File, Format Version 12.00
# Visual Studio Version 16
VisualStudioVersion = 16.0.30114.105
MinimumVisualStudioVersion = 10.0.40219.1
Project("{9A19103F-16F7-4668-BE54-9A1E7A4F7556}") = "ExamManager.Wasm", "ExamManager.Wasm\ExamManager.Wasm.csproj", "{B47503D7-4FCC-4990-AD8C-EB90B20F8C86}"
EndProject
Project("{9A19103F-16F7-4668-BE54-9A1E7A4F7556}") = "ExamManager.WebApi", "ExamManager.WebApi\ExamManager.WebApi.csproj", "{8BBA7FDA-BF89-40DD-9276-1BAC9138F2B5}"
EndProject
Project("{9A19103F-16F7-4668-BE54-9A1E7A4F7556}") = "ExamManager.Dto", "ExamManager.Dto\ExamManager.Dto.csproj", "{FBDA8A5C-02A5-4B8E-A208-0AA5523B1606}"
EndProject
Project("{9A19103F-16F7-4668-BE54-9A1E7A4F7556}") = "ExamManager.Test", "ExamManager.Test\ExamManager.Test.csproj", "{0A82DC13-73BF-4C3B-BAE1-1F5F8F78736E}"
EndProject
Project("{9A19103F-16F7-4668-BE54-9A1E7A4F7556}") = "ExamManager.Application", "ExamManager.Application\ExamManager.Application.csproj", "{5D62D7F3-ED4A-43D1-9435-36ECD24FABD7}"
EndProject
Global
	GlobalSection(SolutionConfigurationPlatforms) = preSolution
		Debug|Any CPU = Debug|Any CPU
		Debug|x64 = Debug|x64
		Debug|x86 = Debug|x86
		Release|Any CPU = Release|Any CPU
		Release|x64 = Release|x64
		Release|x86 = Release|x86
	EndGlobalSection
	GlobalSection(ProjectConfigurationPlatforms) = postSolution
		{B47503D7-4FCC-4990-AD8C-EB90B20F8C86}.Debug|Any CPU.ActiveCfg = Debug|Any CPU
		{B47503D7-4FCC-4990-AD8C-EB90B20F8C86}.Debug|Any CPU.Build.0 = Debug|Any CPU
		{B47503D7-4FCC-4990-AD8C-EB90B20F8C86}.Debug|x64.ActiveCfg = Debug|Any CPU
		{B47503D7-4FCC-4990-AD8C-EB90B20F8C86}.Debug|x64.Build.0 = Debug|Any CPU
		{B47503D7-4FCC-4990-AD8C-EB90B20F8C86}.Debug|x86.ActiveCfg = Debug|Any CPU
		{B47503D7-4FCC-4990-AD8C-EB90B20F8C86}.Debug|x86.Build.0 = Debug|Any CPU
		{B47503D7-4FCC-4990-AD8C-EB90B20F8C86}.Release|Any CPU.ActiveCfg = Release|Any CPU
		{B47503D7-4FCC-4990-AD8C-EB90B20F8C86}.Release|Any CPU.Build.0 = Release|Any CPU
		{B47503D7-4FCC-4990-AD8C-EB90B20F8C86}.Release|x64.ActiveCfg = Release|Any CPU
		{B47503D7-4FCC-4990-AD8C-EB90B20F8C86}.Release|x64.Build.0 = Release|Any CPU
		{B47503D7-4FCC-4990-AD8C-EB90B20F8C86}.Release|x86.ActiveCfg = Release|Any CPU
		{B47503D7-4FCC-4990-AD8C-EB90B20F8C86}.Release|x86.Build.0 = Release|Any CPU
		{8BBA7FDA-BF89-40DD-9276-1BAC9138F2B5}.Debug|Any CPU.ActiveCfg = Debug|Any CPU
		{8BBA7FDA-BF89-40DD-9276-1BAC9138F2B5}.Debug|Any CPU.Build.0 = Debug|Any CPU
		{8BBA7FDA-BF89-40DD-9276-1BAC9138F2B5}.Debug|x64.ActiveCfg = Debug|Any CPU
		{8BBA7FDA-BF89-40DD-9276-1BAC9138F2B5}.Debug|x64.Build.0 = Debug|Any CPU
		{8BBA7FDA-BF89-40DD-9276-1BAC9138F2B5}.Debug|x86.ActiveCfg = Debug|Any CPU
		{8BBA7FDA-BF89-40DD-9276-1BAC9138F2B5}.Debug|x86.Build.0 = Debug|Any CPU
		{8BBA7FDA-BF89-40DD-9276-1BAC9138F2B5}.Release|Any CPU.ActiveCfg = Release|Any CPU
		{8BBA7FDA-BF89-40DD-9276-1BAC9138F2B5}.Release|Any CPU.Build.0 = Release|Any CPU
		{8BBA7FDA-BF89-40DD-9276-1BAC9138F2B5}.Release|x64.ActiveCfg = Release|Any CPU
		{8BBA7FDA-BF89-40DD-9276-1BAC9138F2B5}.Release|x64.Build.0 = Release|Any CPU
		{8BBA7FDA-BF89-40DD-9276-1BAC9138F2B5}.Release|x86.ActiveCfg = Release|Any CPU
		{8BBA7FDA-BF89-40DD-9276-1BAC9138F2B5}.Release|x86.Build.0 = Release|Any CPU
		{FBDA8A5C-02A5-4B8E-A208-0AA5523B1606}.Debug|Any CPU.ActiveCfg = Debug|Any CPU
		{FBDA8A5C-02A5-4B8E-A208-0AA5523B1606}.Debug|Any CPU.Build.0 = Debug|Any CPU
		{FBDA8A5C-02A5-4B8E-A208-0AA5523B1606}.Debug|x64.ActiveCfg = Debug|Any CPU
		{FBDA8A5C-02A5-4B8E-A208-0AA5523B1606}.Debug|x64.Build.0 = Debug|Any CPU
		{FBDA8A5C-02A5-4B8E-A208-0AA5523B1606}.Debug|x86.ActiveCfg = Debug|Any CPU
		{FBDA8A5C-02A5-4B8E-A208-0AA5523B1606}.Debug|x86.Build.0 = Debug|Any CPU
		{FBDA8A5C-02A5-4B8E-A208-0AA5523B1606}.Release|Any CPU.ActiveCfg = Release|Any CPU
		{FBDA8A5C-02A5-4B8E-A208-0AA5523B1606}.Release|Any CPU.Build.0 = Release|Any CPU
		{FBDA8A5C-02A5-4B8E-A208-0AA5523B1606}.Release|x64.ActiveCfg = Release|Any CPU
		{FBDA8A5C-02A5-4B8E-A208-0AA5523B1606}.Release|x64.Build.0 = Release|Any CPU
		{FBDA8A5C-02A5-4B8E-A208-0AA5523B1606}.Release|x86.ActiveCfg = Release|Any CPU
		{FBDA8A5C-02A5-4B8E-A208-0AA5523B1606}.Release|x86.Build.0 = Release|Any CPU
		{0A82DC13-73BF-4C3B-BAE1-1F5F8F78736E}.Debug|Any CPU.ActiveCfg = Debug|Any CPU
		{0A82DC13-73BF-4C3B-BAE1-1F5F8F78736E}.Debug|Any CPU.Build.0 = Debug|Any CPU
		{0A82DC13-73BF-4C3B-BAE1-1F5F8F78736E}.Debug|x64.ActiveCfg = Debug|Any CPU
		{0A82DC13-73BF-4C3B-BAE1-1F5F8F78736E}.Debug|x64.Build.0 = Debug|Any CPU
		{0A82DC13-73BF-4C3B-BAE1-1F5F8F78736E}.Debug|x86.ActiveCfg = Debug|Any CPU
		{0A82DC13-73BF-4C3B-BAE1-1F5F8F78736E}.Debug|x86.Build.0 = Debug|Any CPU
		{0A82DC13-73BF-4C3B-BAE1-1F5F8F78736E}.Release|Any CPU.ActiveCfg = Release|Any CPU
		{0A82DC13-73BF-4C3B-BAE1-1F5F8F78736E}.Release|Any CPU.Build.0 = Release|Any CPU
		{0A82DC13-73BF-4C3B-BAE1-1F5F8F78736E}.Release|x64.ActiveCfg = Release|Any CPU
		{0A82DC13-73BF-4C3B-BAE1-1F5F8F78736E}.Release|x64.Build.0 = Release|Any CPU
		{0A82DC13-73BF-4C3B-BAE1-1F5F8F78736E}.Release|x86.ActiveCfg = Release|Any CPU
		{0A82DC13-73BF-4C3B-BAE1-1F5F8F78736E}.Release|x86.Build.0 = Release|Any CPU
		{5D62D7F3-ED4A-43D1-9435-36ECD24FABD7}.Debug|Any CPU.ActiveCfg = Debug|Any CPU
		{5D62D7F3-ED4A-43D1-9435-36ECD24FABD7}.Debug|Any CPU.Build.0 = Debug|Any CPU
		{5D62D7F3-ED4A-43D1-9435-36ECD24FABD7}.Debug|x64.ActiveCfg = Debug|Any CPU
		{5D62D7F3-ED4A-43D1-9435-36ECD24FABD7}.Debug|x64.Build.0 = Debug|Any CPU
		{5D62D7F3-ED4A-43D1-9435-36ECD24FABD7}.Debug|x86.ActiveCfg = Debug|Any CPU
		{5D62D7F3-ED4A-43D1-9435-36ECD24FABD7}.Debug|x86.Build.0 = Debug|Any CPU
		{5D62D7F3-ED4A-43D1-9435-36ECD24FABD7}.Release|Any CPU.ActiveCfg = Release|Any CPU
		{5D62D7F3-ED4A-43D1-9435-36ECD24FABD7}.Release|Any CPU.Build.0 = Release|Any CPU
		{5D62D7F3-ED4A-43D1-9435-36ECD24FABD7}.Release|x64.ActiveCfg = Release|Any CPU
		{5D62D7F3-ED4A-43D1-9435-36ECD24FABD7}.Release|x64.Build.0 = Release|Any CPU
		{5D62D7F3-ED4A-43D1-9435-36ECD24FABD7}.Release|x86.ActiveCfg = Release|Any CPU
		{5D62D7F3-ED4A-43D1-9435-36ECD24FABD7}.Release|x86.Build.0 = Release|Any CPU
	EndGlobalSection
	GlobalSection(SolutionProperties) = preSolution
		HideSolutionNode = FALSE
	EndGlobalSection
	GlobalSection(ExtensibilityGlobals) = postSolution
		SolutionGuid = {F58E683F-1B32-4BB9-B24F-28D20DC2853A}
	EndGlobalSection
EndGlobal
